
Microsoft Visual Studio Solution File, Format Version 12.00
# Visual Studio 15
VisualStudioVersion = 15.0.28010.2026
MinimumVisualStudioVersion = 10.0.40219.1
Project("{FAE04EC0-301F-11D3-BF4B-00C04F79EFBC}") = "WeatherDataAPI", "WeatherDataAPI\WeatherDataAPI.csproj", "{2CDD5E7D-6508-472F-8EE4-D073CD7FA887}"
EndProject
Project("{FAE04EC0-301F-11D3-BF4B-00C04F79EFBC}") = "WeatherDataAPI.Tests", "WeatherDataAPI.Tests\WeatherDataAPI.Tests.csproj", "{F74FD420-AAAB-4D27-B284-D6A07653F115}"
EndProject
Global
	GlobalSection(SolutionConfigurationPlatforms) = preSolution
		Debug|Any CPU = Debug|Any CPU
		Release|Any CPU = Release|Any CPU
	EndGlobalSection
	GlobalSection(ProjectConfigurationPlatforms) = postSolution
		{2CDD5E7D-6508-472F-8EE4-D073CD7FA887}.Debug|Any CPU.ActiveCfg = Debug|Any CPU
		{2CDD5E7D-6508-472F-8EE4-D073CD7FA887}.Debug|Any CPU.Build.0 = Debug|Any CPU
		{2CDD5E7D-6508-472F-8EE4-D073CD7FA887}.Release|Any CPU.ActiveCfg = Release|Any CPU
		{2CDD5E7D-6508-472F-8EE4-D073CD7FA887}.Release|Any CPU.Build.0 = Release|Any CPU
		{F74FD420-AAAB-4D27-B284-D6A07653F115}.Debug|Any CPU.ActiveCfg = Debug|Any CPU
		{F74FD420-AAAB-4D27-B284-D6A07653F115}.Debug|Any CPU.Build.0 = Debug|Any CPU
		{F74FD420-AAAB-4D27-B284-D6A07653F115}.Release|Any CPU.ActiveCfg = Release|Any CPU
		{F74FD420-AAAB-4D27-B284-D6A07653F115}.Release|Any CPU.Build.0 = Release|Any CPU
	EndGlobalSection
	GlobalSection(SolutionProperties) = preSolution
		HideSolutionNode = FALSE
	EndGlobalSection
	GlobalSection(ExtensibilityGlobals) = postSolution
		SolutionGuid = {2073EF91-BFFA-4121-B089-AF8E994B472D}
	EndGlobalSection
EndGlobal
